# This file was autogenerated by Stack.
# You should not edit this file by hand.
# For more information, please see the documentation at:
#   https://docs.haskellstack.org/en/stable/topics/lock_files

packages:
- completed:
    hackage: Cabal-3.14.2.0@sha256:5608a3091be7c029a3e8b2585ed51f41edd58effd1b51f3ad32504847e6f9753,14148
    pantry-tree:
      sha256: 158fe3405f202371c27a20dab78c127bdea03c4e8788b1f6c1a0fb954f087842
      size: 12219
  original:
    hackage: Cabal-3.14.2.0
- completed:
    hackage: Cabal-syntax-3.14.2.0@sha256:6653175960c346f01152223972a3292c56723c1bfab61f4603ca66cb264297b0,7646
    pantry-tree:
      sha256: 2175cd95492e3ad7e2362e23c0d096b0a33315cc9eb5e09a9b89d6ba876874ec
      size: 10977
  original:
    hackage: Cabal-syntax-3.14.2.0
- completed:
    hackage: rel8-1.7.0.0@sha256:8007f7aa1173fee39c3dc54b45c3f22bcfaf0b1db8c09176c96b24dce232ac06,6346
    pantry-tree:
      sha256: 9ba293f338029e9825139d165463b0b3e768c689806f569687cb2281c858f1f8
      size: 11523
  original:
    hackage: rel8-1.7.0.0
- completed:
    hackage: tar-0.7.0.0@sha256:8b5cebb9e34f240029bc471e5e46d4df636a2b77956b3ef3a882e897eb76a63f,4805
    pantry-tree:
      sha256: 06866e3b75c745c2e3b4df3728811743d8f4fd6fb9d34500bce13f0621c28188
      size: 2242
  original:
    hackage: tar-0.7.0.0
snapshots:
- completed:
    sha256: 655e468f774beee1badf07dc4c45fb50288d5c66ce7bef6f487b7f92891a90b0
    size: 728965
    url: https://raw.githubusercontent.com/commercialhaskell/stackage-snapshots/master/lts/24/37.yaml
  original: lts-24.37
