# This file was autogenerated by Stack.
# You should not edit this file by hand.
# For more information, please see the documentation at:
#   https://docs.haskellstack.org/en/stable/topics/lock_files

packages:
- completed:
    hackage: Cabal-3.16.1.0@sha256:6d7ee02dc18c7485d597d131356cee25b3b95778746f39b73bca1d2d44b12e11,14028
    pantry-tree:
      sha256: f1dccb500fc8ea0a0c27a0ceca13c1b268640fd2179f44c3199341359ec20b0f
      size: 12139
  original:
    hackage: Cabal-3.16.1.0
- completed:
    hackage: Cabal-syntax-3.16.1.0@sha256:526f18d27b7481f1e0fd2cc4b95b8ee0614b8658a246a672831caedf583701ca,7778
    pantry-tree:
      sha256: 2b76061d5ecfe7da1fc21f8f1903ad7b69a9d4d4a5669c63787120571c3f18c0
      size: 11238
  original:
    hackage: Cabal-syntax-3.16.1.0
- completed:
    hackage: tar-0.7.0.0@sha256:8b5cebb9e34f240029bc471e5e46d4df636a2b77956b3ef3a882e897eb76a63f,4805
    pantry-tree:
      sha256: 06866e3b75c745c2e3b4df3728811743d8f4fd6fb9d34500bce13f0621c28188
      size: 2242
  original:
    hackage: tar-0.7.0.0
- completed:
    hackage: rel8-1.7.0.0@sha256:8007f7aa1173fee39c3dc54b45c3f22bcfaf0b1db8c09176c96b24dce232ac06,6346
    pantry-tree:
      sha256: 9ba293f338029e9825139d165463b0b3e768c689806f569687cb2281c858f1f8
      size: 11523
  original:
    hackage: rel8-1.7.0.0
snapshots:
- completed:
    sha256: 6406d8039dd538f18fc0d242f01c7066ee386d81ba3c8751b914ac1ae193ec5d
    size: 728959
    url: https://raw.githubusercontent.com/commercialhaskell/stackage-snapshots/master/lts/24/35.yaml
  original: lts-24.35
