# This file was autogenerated by Stack.
# You should not edit this file by hand.
# For more information, please see the documentation at:
#   https://docs.haskellstack.org/en/stable/topics/lock_files

packages:
- completed:
    hackage: Cabal-3.16.1.0@sha256:6d7ee02dc18c7485d597d131356cee25b3b95778746f39b73bca1d2d44b12e11,14028
    pantry-tree:
      sha256: f1dccb500fc8ea0a0c27a0ceca13c1b268640fd2179f44c3199341359ec20b0f
      size: 12139
  original:
    hackage: Cabal-3.16.1.0
- completed:
    hackage: Cabal-syntax-3.16.1.0@sha256:526f18d27b7481f1e0fd2cc4b95b8ee0614b8658a246a672831caedf583701ca,7778
    pantry-tree:
      sha256: 2b76061d5ecfe7da1fc21f8f1903ad7b69a9d4d4a5669c63787120571c3f18c0
      size: 11238
  original:
    hackage: Cabal-syntax-3.16.1.0
- completed:
    hackage: tar-0.7.2.0@sha256:389f7bfe97982486db9950d0f570795c975ecf3ee478fe732b79231b1f2fe731,4647
    pantry-tree:
      sha256: 0611f3ab0b355f984407a67c69483dbbf767a9eabebf101dcff290c516e3d6ea
      size: 2242
  original:
    hackage: tar-0.7.2.0
- completed:
    hackage: rel8-1.7.0.0@sha256:8007f7aa1173fee39c3dc54b45c3f22bcfaf0b1db8c09176c96b24dce232ac06,6346
    pantry-tree:
      sha256: 9ba293f338029e9825139d165463b0b3e768c689806f569687cb2281c858f1f8
      size: 11523
  original:
    hackage: rel8-1.7.0.0
- completed:
    name: servant-ede
    pantry-tree:
      sha256: 4baa3f49f663871f555fa48774279f7005f3fc2394aa0ac65c965cdb74587b62
      size: 915
    sha256: aa17101cc6940070de5cc940b358cefec13f9e7f9e28c2caa3becb5f8b27926b
    size: 9843
    url: https://github.com/alpmestan/servant-ede/archive/8258b2057dbe42de3014c72b43127d6d5a14971d.tar.gz
    version: 1.0.0.0
  original:
    url: https://github.com/alpmestan/servant-ede/archive/8258b2057dbe42de3014c72b43127d6d5a14971d.tar.gz
- completed:
    name: servant
    pantry-tree:
      sha256: 9755de5684c081fd8db8dabf80c529edf35799cd316e5ac4a6035a9e5bd337f4
      size: 3527
    sha256: 348bf25ed3e74bd5c67b11d616ce32e1599be2375ad1dff06d8b16ffe5760b42
    size: 555989
    subdir: servant
    url: https://github.com/tweag/servant/archive/c6352177eb987960db00edc4cd90467dcb458f1c.tar.gz
    version: 0.20.3.0
  original:
    subdir: servant
    url: https://github.com/tweag/servant/archive/c6352177eb987960db00edc4cd90467dcb458f1c.tar.gz
snapshots:
- completed:
    sha256: 6406d8039dd538f18fc0d242f01c7066ee386d81ba3c8751b914ac1ae193ec5d
    size: 728959
    url: https://raw.githubusercontent.com/commercialhaskell/stackage-snapshots/master/lts/24/35.yaml
  original: lts-24.35
